
Microsoft Visual Studio Solution File, Format Version 12.00
# Visual Studio Version 17
VisualStudioVersion = 17.8.34330.188
MinimumVisualStudioVersion = 10.0.40219.1
Project("{FAE04EC0-301F-11D3-BF4B-00C04F79EFBC}") = "tpcai_electrhogar.Presentacion", "tpcai_electrhogar\tpcai_electrhogar.Presentacion.csproj", "{0E69208E-717F-4D56-B70A-555B5D8CD1B7}"
EndProject
Project("{FAE04EC0-301F-11D3-BF4B-00C04F79EFBC}") = "tpcai_electrhogar.Negocio", "tpcai_electrhogar.Negocio\tpcai_electrhogar.Negocio.csproj", "{E84D9E14-E211-426E-B60F-0156E20E804E}"
	ProjectSection(ProjectDependencies) = postProject
		{86F290A9-5103-4035-A69D-681AD4E695AF} = {86F290A9-5103-4035-A69D-681AD4E695AF}
	EndProjectSection
EndProject
Project("{FAE04EC0-301F-11D3-BF4B-00C04F79EFBC}") = "tpcai_electrhogar.Datos", "tpcai_electrhogar.Datos\tpcai_electrhogar.Datos.csproj", "{B6DF6F44-246F-4FA6-850C-74508604C966}"
EndProject
Project("{FAE04EC0-301F-11D3-BF4B-00C04F79EFBC}") = "Persistencia", "Persistencia\Persistencia.csproj", "{1672FDC7-C7A1-48E3-81F2-D8BF3DF0E5D5}"
EndProject
Project("{FAE04EC0-301F-11D3-BF4B-00C04F79EFBC}") = "PersistenciaWS", "PersistenciaWS\PersistenciaWS.csproj", "{86F290A9-5103-4035-A69D-681AD4E695AF}"
	ProjectSection(ProjectDependencies) = postProject
		{B6DF6F44-246F-4FA6-850C-74508604C966} = {B6DF6F44-246F-4FA6-850C-74508604C966}
	EndProjectSection
EndProject
Global
	GlobalSection(SolutionConfigurationPlatforms) = preSolution
		Debug|Any CPU = Debug|Any CPU
		Release|Any CPU = Release|Any CPU
	EndGlobalSection
	GlobalSection(ProjectConfigurationPlatforms) = postSolution
		{0E69208E-717F-4D56-B70A-555B5D8CD1B7}.Debug|Any CPU.ActiveCfg = Debug|Any CPU
		{0E69208E-717F-4D56-B70A-555B5D8CD1B7}.Debug|Any CPU.Build.0 = Debug|Any CPU
		{0E69208E-717F-4D56-B70A-555B5D8CD1B7}.Release|Any CPU.ActiveCfg = Release|Any CPU
		{0E69208E-717F-4D56-B70A-555B5D8CD1B7}.Release|Any CPU.Build.0 = Release|Any CPU
		{E84D9E14-E211-426E-B60F-0156E20E804E}.Debug|Any CPU.ActiveCfg = Debug|Any CPU
		{E84D9E14-E211-426E-B60F-0156E20E804E}.Debug|Any CPU.Build.0 = Debug|Any CPU
		{E84D9E14-E211-426E-B60F-0156E20E804E}.Release|Any CPU.ActiveCfg = Release|Any CPU
		{E84D9E14-E211-426E-B60F-0156E20E804E}.Release|Any CPU.Build.0 = Release|Any CPU
		{B6DF6F44-246F-4FA6-850C-74508604C966}.Debug|Any CPU.ActiveCfg = Debug|Any CPU
		{B6DF6F44-246F-4FA6-850C-74508604C966}.Debug|Any CPU.Build.0 = Debug|Any CPU
		{B6DF6F44-246F-4FA6-850C-74508604C966}.Release|Any CPU.ActiveCfg = Release|Any CPU
		{B6DF6F44-246F-4FA6-850C-74508604C966}.Release|Any CPU.Build.0 = Release|Any CPU
		{1672FDC7-C7A1-48E3-81F2-D8BF3DF0E5D5}.Debug|Any CPU.ActiveCfg = Debug|Any CPU
		{1672FDC7-C7A1-48E3-81F2-D8BF3DF0E5D5}.Debug|Any CPU.Build.0 = Debug|Any CPU
		{1672FDC7-C7A1-48E3-81F2-D8BF3DF0E5D5}.Release|Any CPU.ActiveCfg = Release|Any CPU
		{1672FDC7-C7A1-48E3-81F2-D8BF3DF0E5D5}.Release|Any CPU.Build.0 = Release|Any CPU
		{86F290A9-5103-4035-A69D-681AD4E695AF}.Debug|Any CPU.ActiveCfg = Debug|Any CPU
		{86F290A9-5103-4035-A69D-681AD4E695AF}.Debug|Any CPU.Build.0 = Debug|Any CPU
		{86F290A9-5103-4035-A69D-681AD4E695AF}.Release|Any CPU.ActiveCfg = Release|Any CPU
		{86F290A9-5103-4035-A69D-681AD4E695AF}.Release|Any CPU.Build.0 = Release|Any CPU
	EndGlobalSection
	GlobalSection(SolutionProperties) = preSolution
		HideSolutionNode = FALSE
	EndGlobalSection
	GlobalSection(ExtensibilityGlobals) = postSolution
		SolutionGuid = {B09F36CD-70C9-402B-9F47-5A227804098C}
	EndGlobalSection
EndGlobal
